// !$*UTF8*$!
{
	archiveVersion = 1;
	classes = {
	};
	objectVersion = 46;
	objects = {

/* Begin PBXBuildFile section */
		1803F88F1CF554A70065AE93 /* main.m in Sources */ = {isa = PBXBuildFile; fileRef = 1803F88E1CF554A70065AE93 /* main.m */; };
		1803F8921CF554A70065AE93 /* AppDelegate.m in Sources */ = {isa = PBXBuildFile; fileRef = 1803F8911CF554A70065AE93 /* AppDelegate.m */; };
		1803F8981CF554A70065AE93 /* Main.storyboard in Resources */ = {isa = PBXBuildFile; fileRef = 1803F8961CF554A70065AE93 /* Main.storyboard */; };
		1803F89A1CF554A70065AE93 /* Assets.xcassets in Resources */ = {isa = PBXBuildFile; fileRef = 1803F8991CF554A70065AE93 /* Assets.xcassets */; };
		1803F89D1CF554A70065AE93 /* LaunchScreen.storyboard in Resources */ = {isa = PBXBuildFile; fileRef = 1803F89B1CF554A70065AE93 /* LaunchScreen.storyboard */; };
		1803F8A81CF554A70065AE93 /* TabBar_DemoTests.m in Sources */ = {isa = PBXBuildFile; fileRef = 1803F8A71CF554A70065AE93 /* TabBar_DemoTests.m */; };
		1803F8B31CF554A70065AE93 /* TabBar_DemoUITests.m in Sources */ = {isa = PBXBuildFile; fileRef = 1803F8B21CF554A70065AE93 /* TabBar_DemoUITests.m */; };
		1803F8C81CF555970065AE93 /* ZJTabBar.m in Sources */ = {isa = PBXBuildFile; fileRef = 1803F8C11CF555970065AE93 /* ZJTabBar.m */; };
		1803F8C91CF555970065AE93 /* ZJTabBarButton.m in Sources */ = {isa = PBXBuildFile; fileRef = 1803F8C31CF555970065AE93 /* ZJTabBarButton.m */; };
		1803F8CA1CF555970065AE93 /* ZJTabBarController.m in Sources */ = {isa = PBXBuildFile; fileRef = 1803F8C51CF555970065AE93 /* ZJTabBarController.m */; };
		1803F8CB1CF555970065AE93 /* ZJNavigationController.m in Sources */ = {isa = PBXBuildFile; fileRef = 1803F8C71CF555970065AE93 /* ZJNavigationController.m */; };
		188C54291DDEAE130016705B /* MyTabBarController.m in Sources */ = {isa = PBXBuildFile; fileRef = 188C54271DDEAE130016705B /* MyTabBarController.m */; };
		189ECB991DD1EB5D00DBBB2F /* SuperController.m in Sources */ = {isa = PBXBuildFile; fileRef = 189ECB971DD1EB5D00DBBB2F /* SuperController.m */; };
		189ECB9A1DD1EB5D00DBBB2F /* SuperController.xib in Resources */ = {isa = PBXBuildFile; fileRef = 189ECB981DD1EB5D00DBBB2F /* SuperController.xib */; };
		189ECB9E1DD1EB7400DBBB2F /* HomeController.m in Sources */ = {isa = PBXBuildFile; fileRef = 189ECB9C1DD1EB7400DBBB2F /* HomeController.m */; };
		189ECB9F1DD1EB7400DBBB2F /* HomeController.xib in Resources */ = {isa = PBXBuildFile; fileRef = 189ECB9D1DD1EB7400DBBB2F /* HomeController.xib */; };
		189ECBA31DD1EB8800DBBB2F /* ServiceController.m in Sources */ = {isa = PBXBuildFile; fileRef = 189ECBA11DD1EB8800DBBB2F /* ServiceController.m */; };
		189ECBA41DD1EB8800DBBB2F /* ServiceController.xib in Resources */ = {isa = PBXBuildFile; fileRef = 189ECBA21DD1EB8800DBBB2F /* ServiceController.xib */; };
		189ECBA81DD1EB9600DBBB2F /* MeController.m in Sources */ = {isa = PBXBuildFile; fileRef = 189ECBA61DD1EB9600DBBB2F /* MeController.m */; };
		189ECBA91DD1EB9600DBBB2F /* MeController.xib in Resources */ = {isa = PBXBuildFile; fileRef = 189ECBA71DD1EB9600DBBB2F /* MeController.xib */; };
		18E181151DD2BB4A00F73D3A /* LoginController.m in Sources */ = {isa = PBXBuildFile; fileRef = 18E181131DD2BB4A00F73D3A /* LoginController.m */; };
		18E181161DD2BB4A00F73D3A /* LoginController.xib in Resources */ = {isa = PBXBuildFile; fileRef = 18E181141DD2BB4A00F73D3A /* LoginController.xib */; };
		18E1811A1DD2BD5300F73D3A /* SetupController.m in Sources */ = {isa = PBXBuildFile; fileRef = 18E181181DD2BD5300F73D3A /* SetupController.m */; };
		18E1811B1DD2BD5300F73D3A /* SetupController.xib in Resources */ = {isa = PBXBuildFile; fileRef = 18E181191DD2BD5300F73D3A /* SetupController.xib */; };
/* End PBXBuildFile section */

/* Begin PBXContainerItemProxy section */
		1803F8A41CF554A70065AE93 /* PBXContainerItemProxy */ = {
			isa = PBXContainerItemProxy;
			containerPortal = 1803F8821CF554A70065AE93 /* Project object */;
			proxyType = 1;
			remoteGlobalIDString = 1803F8891CF554A70065AE93;
			remoteInfo = TabBar_Demo;
		};
		1803F8AF1CF554A70065AE93 /* PBXContainerItemProxy */ = {
			isa = PBXContainerItemProxy;
			containerPortal = 1803F8821CF554A70065AE93 /* Project object */;
			proxyType = 1;
			remoteGlobalIDString = 1803F8891CF554A70065AE93;
			remoteInfo = TabBar_Demo;
		};
/* End PBXContainerItemProxy section */

/* Begin PBXFileReference section */
		1803F88A1CF554A70065AE93 /* TabBar_Demo.app */ = {isa = PBXFileReference; explicitFileType = wrapper.application; includeInIndex = 0; path = TabBar_Demo.app; sourceTree = BUILT_PRODUCTS_DIR; };
		1803F88E1CF554A70065AE93 /* main.m */ = {isa = PBXFileReference; lastKnownFileType = sourcecode.c.objc; path = main.m; sourceTree = "<group>"; };
		1803F8901CF554A70065AE93 /* AppDelegate.h */ = {isa = PBXFileReference; lastKnownFileType = sourcecode.c.h; path = AppDelegate.h; sourceTree = "<group>"; };
		1803F8911CF554A70065AE93 /* AppDelegate.m */ = {isa = PBXFileReference; lastKnownFileType = sourcecode.c.objc; path = AppDelegate.m; sourceTree = "<group>"; };
		1803F8971CF554A70065AE93 /* Base */ = {isa = PBXFileReference; lastKnownFileType = file.storyboard; name = Base; path = Base.lproj/Main.storyboard; sourceTree = "<group>"; };
		1803F8991CF554A70065AE93 /* Assets.xcassets */ = {isa = PBXFileReference; lastKnownFileType = folder.assetcatalog; path = Assets.xcassets; sourceTree = "<group>"; };
		1803F89C1CF554A70065AE93 /* Base */ = {isa = PBXFileReference; lastKnownFileType = file.storyboard; name = Base; path = Base.lproj/LaunchScreen.storyboard; sourceTree = "<group>"; };
		1803F89E1CF554A70065AE93 /* Info.plist */ = {isa = PBXFileReference; lastKnownFileType = text.plist.xml; path = Info.plist; sourceTree = "<group>"; };
		1803F8A31CF554A70065AE93 /* TabBar_DemoTests.xctest */ = {isa = PBXFileReference; explicitFileType = wrapper.cfbundle; includeInIndex = 0; path = TabBar_DemoTests.xctest; sourceTree = BUILT_PRODUCTS_DIR; };
		1803F8A71CF554A70065AE93 /* TabBar_DemoTests.m */ = {isa = PBXFileReference; lastKnownFileType = sourcecode.c.objc; path = TabBar_DemoTests.m; sourceTree = "<group>"; };
		1803F8A91CF554A70065AE93 /* Info.plist */ = {isa = PBXFileReference; lastKnownFileType = text.plist.xml; path = Info.plist; sourceTree = "<group>"; };
		1803F8AE1CF554A70065AE93 /* TabBar_DemoUITests.xctest */ = {isa = PBXFileReference; explicitFileType = wrapper.cfbundle; includeInIndex = 0; path = TabBar_DemoUITests.xctest; sourceTree = BUILT_PRODUCTS_DIR; };
		1803F8B21CF554A70065AE93 /* TabBar_DemoUITests.m */ = {isa = PBXFileReference; lastKnownFileType = sourcecode.c.objc; path = TabBar_DemoUITests.m; sourceTree = "<group>"; };
		1803F8B41CF554A70065AE93 /* Info.plist */ = {isa = PBXFileReference; lastKnownFileType = text.plist.xml; path = Info.plist; sourceTree = "<group>"; };
		1803F8C01CF555970065AE93 /* ZJTabBar.h */ = {isa = PBXFileReference; fileEncoding = 4; lastKnownFileType = sourcecode.c.h; path = ZJTabBar.h; sourceTree = "<group>"; };
		1803F8C11CF555970065AE93 /* ZJTabBar.m */ = {isa = PBXFileReference; fileEncoding = 4; lastKnownFileType = sourcecode.c.objc; path = ZJTabBar.m; sourceTree = "<group>"; };
		1803F8C21CF555970065AE93 /* ZJTabBarButton.h */ = {isa = PBXFileReference; fileEncoding = 4; lastKnownFileType = sourcecode.c.h; path = ZJTabBarButton.h; sourceTree = "<group>"; };
		1803F8C31CF555970065AE93 /* ZJTabBarButton.m */ = {isa = PBXFileReference; fileEncoding = 4; lastKnownFileType = sourcecode.c.objc; path = ZJTabBarButton.m; sourceTree = "<group>"; };
		1803F8C41CF555970065AE93 /* ZJTabBarController.h */ = {isa = PBXFileReference; fileEncoding = 4; lastKnownFileType = sourcecode.c.h; path = ZJTabBarController.h; sourceTree = "<group>"; };
		1803F8C51CF555970065AE93 /* ZJTabBarController.m */ = {isa = PBXFileReference; fileEncoding = 4; lastKnownFileType = sourcecode.c.objc; path = ZJTabBarController.m; sourceTree = "<group>"; };
		1803F8C61CF555970065AE93 /* ZJNavigationController.h */ = {isa = PBXFileReference; fileEncoding = 4; lastKnownFileType = sourcecode.c.h; path = ZJNavigationController.h; sourceTree = "<group>"; };
		1803F8C71CF555970065AE93 /* ZJNavigationController.m */ = {isa = PBXFileReference; fileEncoding = 4; lastKnownFileType = sourcecode.c.objc; path = ZJNavigationController.m; sourceTree = "<group>"; };
		188C54261DDEAE130016705B /* MyTabBarController.h */ = {isa = PBXFileReference; fileEncoding = 4; lastKnownFileType = sourcecode.c.h; path = MyTabBarController.h; sourceTree = "<group>"; };
		188C54271DDEAE130016705B /* MyTabBarController.m */ = {isa = PBXFileReference; fileEncoding = 4; lastKnownFileType = sourcecode.c.objc; path = MyTabBarController.m; sourceTree = "<group>"; };
		189ECB961DD1EB5D00DBBB2F /* SuperController.h */ = {isa = PBXFileReference; fileEncoding = 4; lastKnownFileType = sourcecode.c.h; path = SuperController.h; sourceTree = "<group>"; };
		189ECB971DD1EB5D00DBBB2F /* SuperController.m */ = {isa = PBXFileReference; fileEncoding = 4; lastKnownFileType = sourcecode.c.objc; path = SuperController.m; sourceTree = "<group>"; };
		189ECB981DD1EB5D00DBBB2F /* SuperController.xib */ = {isa = PBXFileReference; fileEncoding = 4; lastKnownFileType = file.xib; path = SuperController.xib; sourceTree = "<group>"; };
		189ECB9B1DD1EB7400DBBB2F /* HomeController.h */ = {isa = PBXFileReference; fileEncoding = 4; lastKnownFileType = sourcecode.c.h; path = HomeController.h; sourceTree = "<group>"; };
		189ECB9C1DD1EB7400DBBB2F /* HomeController.m */ = {isa = PBXFileReference; fileEncoding = 4; lastKnownFileType = sourcecode.c.objc; path = HomeController.m; sourceTree = "<group>"; };
		189ECB9D1DD1EB7400DBBB2F /* HomeController.xib */ = {isa = PBXFileReference; fileEncoding = 4; lastKnownFileType = file.xib; path = HomeController.xib; sourceTree = "<group>"; };
		189ECBA01DD1EB8800DBBB2F /* ServiceController.h */ = {isa = PBXFileReference; fileEncoding = 4; lastKnownFileType = sourcecode.c.h; path = ServiceController.h; sourceTree = "<group>"; };
		189ECBA11DD1EB8800DBBB2F /* ServiceController.m */ = {isa = PBXFileReference; fileEncoding = 4; lastKnownFileType = sourcecode.c.objc; path = ServiceController.m; sourceTree = "<group>"; };
		189ECBA21DD1EB8800DBBB2F /* ServiceController.xib */ = {isa = PBXFileReference; fileEncoding = 4; lastKnownFileType = file.xib; path = ServiceController.xib; sourceTree = "<group>"; };
		189ECBA51DD1EB9600DBBB2F /* MeController.h */ = {isa = PBXFileReference; fileEncoding = 4; lastKnownFileType = sourcecode.c.h; path = MeController.h; sourceTree = "<group>"; };
		189ECBA61DD1EB9600DBBB2F /* MeController.m */ = {isa = PBXFileReference; fileEncoding = 4; lastKnownFileType = sourcecode.c.objc; path = MeController.m; sourceTree = "<group>"; };
		189ECBA71DD1EB9600DBBB2F /* MeController.xib */ = {isa = PBXFileReference; fileEncoding = 4; lastKnownFileType = file.xib; path = MeController.xib; sourceTree = "<group>"; };
		18E181121DD2BB4A00F73D3A /* LoginController.h */ = {isa = PBXFileReference; fileEncoding = 4; lastKnownFileType = sourcecode.c.h; path = LoginController.h; sourceTree = "<group>"; };
		18E181131DD2BB4A00F73D3A /* LoginController.m */ = {isa = PBXFileReference; fileEncoding = 4; lastKnownFileType = sourcecode.c.objc; path = LoginController.m; sourceTree = "<group>"; };
		18E181141DD2BB4A00F73D3A /* LoginController.xib */ = {isa = PBXFileReference; fileEncoding = 4; lastKnownFileType = file.xib; path = LoginController.xib; sourceTree = "<group>"; };
		18E181171DD2BD5300F73D3A /* SetupController.h */ = {isa = PBXFileReference; fileEncoding = 4; lastKnownFileType = sourcecode.c.h; path = SetupController.h; sourceTree = "<group>"; };
		18E181181DD2BD5300F73D3A /* SetupController.m */ = {isa = PBXFileReference; fileEncoding = 4; lastKnownFileType = sourcecode.c.objc; path = SetupController.m; sourceTree = "<group>"; };
		18E181191DD2BD5300F73D3A /* SetupController.xib */ = {isa = PBXFileReference; fileEncoding = 4; lastKnownFileType = file.xib; path = SetupController.xib; sourceTree = "<group>"; };
/* End PBXFileReference section */

/* Begin PBXFrameworksBuildPhase section */
		1803F8871CF554A70065AE93 /* Frameworks */ = {
			isa = PBXFrameworksBuildPhase;
			buildActionMask = 2147483647;
			files = (
			);
			runOnlyForDeploymentPostprocessing = 0;
		};
		1803F8A01CF554A70065AE93 /* Frameworks */ = {
			isa = PBXFrameworksBuildPhase;
			buildActionMask = 2147483647;
			files = (
			);
			runOnlyForDeploymentPostprocessing = 0;
		};
		1803F8AB1CF554A70065AE93 /* Frameworks */ = {
			isa = PBXFrameworksBuildPhase;
			buildActionMask = 2147483647;
			files = (
			);
			runOnlyForDeploymentPostprocessing = 0;
		};
/* End PBXFrameworksBuildPhase section */

/* Begin PBXGroup section */
		1803F8811CF554A70065AE93 = {
			isa = PBXGroup;
			children = (
				1803F88C1CF554A70065AE93 /* TabBar_Demo */,
				1803F8A61CF554A70065AE93 /* TabBar_DemoTests */,
				1803F8B11CF554A70065AE93 /* TabBar_DemoUITests */,
				1803F88B1CF554A70065AE93 /* Products */,
			);
			sourceTree = "<group>";
		};
		1803F88B1CF554A70065AE93 /* Products */ = {
			isa = PBXGroup;
			children = (
				1803F88A1CF554A70065AE93 /* TabBar_Demo.app */,
				1803F8A31CF554A70065AE93 /* TabBar_DemoTests.xctest */,
				1803F8AE1CF554A70065AE93 /* TabBar_DemoUITests.xctest */,
			);
			name = Products;
			sourceTree = "<group>";
		};
		1803F88C1CF554A70065AE93 /* TabBar_Demo */ = {
			isa = PBXGroup;
			children = (
				188C54251DDE9A710016705B /* TabBar */,
				189ECB921DD1EAF200DBBB2F /* HomePage */,
				189ECB8E1DD1EAEB00DBBB2F /* Service */,
				189ECB8A1DD1EAE400DBBB2F /* Me */,
				18E181121DD2BB4A00F73D3A /* LoginController.h */,
				18E181131DD2BB4A00F73D3A /* LoginController.m */,
				18E181141DD2BB4A00F73D3A /* LoginController.xib */,
				188C54261DDEAE130016705B /* MyTabBarController.h */,
				188C54271DDEAE130016705B /* MyTabBarController.m */,
				189ECB961DD1EB5D00DBBB2F /* SuperController.h */,
				189ECB971DD1EB5D00DBBB2F /* SuperController.m */,
				189ECB981DD1EB5D00DBBB2F /* SuperController.xib */,
				1803F8961CF554A70065AE93 /* Main.storyboard */,
				1803F8991CF554A70065AE93 /* Assets.xcassets */,
				1803F89B1CF554A70065AE93 /* LaunchScreen.storyboard */,
				1803F89E1CF554A70065AE93 /* Info.plist */,
				1803F88D1CF554A70065AE93 /* Supporting Files */,
			);
			path = TabBar_Demo;
			sourceTree = "<group>";
		};
		1803F88D1CF554A70065AE93 /* Supporting Files */ = {
			isa = PBXGroup;
			children = (
				1803F88E1CF554A70065AE93 /* main.m */,
				1803F8901CF554A70065AE93 /* AppDelegate.h */,
				1803F8911CF554A70065AE93 /* AppDelegate.m */,
			);
			name = "Supporting Files";
			sourceTree = "<group>";
		};
		1803F8A61CF554A70065AE93 /* TabBar_DemoTests */ = {
			isa = PBXGroup;
			children = (
				1803F8A71CF554A70065AE93 /* TabBar_DemoTests.m */,
				1803F8A91CF554A70065AE93 /* Info.plist */,
			);
			path = TabBar_DemoTests;
			sourceTree = "<group>";
		};
		1803F8B11CF554A70065AE93 /* TabBar_DemoUITests */ = {
			isa = PBXGroup;
			children = (
				1803F8B21CF554A70065AE93 /* TabBar_DemoUITests.m */,
				1803F8B41CF554A70065AE93 /* Info.plist */,
			);
			path = TabBar_DemoUITests;
			sourceTree = "<group>";
		};
		188C54251DDE9A710016705B /* TabBar */ = {
			isa = PBXGroup;
			children = (
				1803F8C01CF555970065AE93 /* ZJTabBar.h */,
				1803F8C11CF555970065AE93 /* ZJTabBar.m */,
				1803F8C21CF555970065AE93 /* ZJTabBarButton.h */,
				1803F8C31CF555970065AE93 /* ZJTabBarButton.m */,
				1803F8C41CF555970065AE93 /* ZJTabBarController.h */,
				1803F8C51CF555970065AE93 /* ZJTabBarController.m */,
				1803F8C61CF555970065AE93 /* ZJNavigationController.h */,
				1803F8C71CF555970065AE93 /* ZJNavigationController.m */,
			);
			name = TabBar;
			sourceTree = "<group>";
		};
		189ECB8A1DD1EAE400DBBB2F /* Me */ = {
			isa = PBXGroup;
			children = (
				189ECB8B1DD1EAE400DBBB2F /* Controller */,
				189ECB8C1DD1EAE400DBBB2F /* Model */,
				189ECB8D1DD1EAE400DBBB2F /* View */,
			);
			path = Me;
			sourceTree = "<group>";
		};
		189ECB8B1DD1EAE400DBBB2F /* Controller */ = {
			isa = PBXGroup;
			children = (
				189ECBA51DD1EB9600DBBB2F /* MeController.h */,
				189ECBA61DD1EB9600DBBB2F /* MeController.m */,
				189ECBA71DD1EB9600DBBB2F /* MeController.xib */,
				18E181171DD2BD5300F73D3A /* SetupController.h */,
				18E181181DD2BD5300F73D3A /* SetupController.m */,
				18E181191DD2BD5300F73D3A /* SetupController.xib */,
			);
			path = Controller;
			sourceTree = "<group>";
		};
		189ECB8C1DD1EAE400DBBB2F /* Model */ = {
			isa = PBXGroup;
			children = (
			);
			path = Model;
			sourceTree = "<group>";
		};
		189ECB8D1DD1EAE400DBBB2F /* View */ = {
			isa = PBXGroup;
			children = (
			);
			path = View;
			sourceTree = "<group>";
		};
		189ECB8E1DD1EAEB00DBBB2F /* Service */ = {
			isa = PBXGroup;
			children = (
				189ECB8F1DD1EAEB00DBBB2F /* Controller */,
				189ECB901DD1EAEB00DBBB2F /* Model */,
				189ECB911DD1EAEB00DBBB2F /* View */,
			);
			path = Service;
			sourceTree = "<group>";
		};
		189ECB8F1DD1EAEB00DBBB2F /* Controller */ = {
			isa = PBXGroup;
			children = (
				189ECBA01DD1EB8800DBBB2F /* ServiceController.h */,
				189ECBA11DD1EB8800DBBB2F /* ServiceController.m */,
				189ECBA21DD1EB8800DBBB2F /* ServiceController.xib */,
			);
			path = Controller;
			sourceTree = "<group>";
		};
		189ECB901DD1EAEB00DBBB2F /* Model */ = {
			isa = PBXGroup;
			children = (
			);
			path = Model;
			sourceTree = "<group>";
		};
		189ECB911DD1EAEB00DBBB2F /* View */ = {
			isa = PBXGroup;
			children = (
			);
			path = View;
			sourceTree = "<group>";
		};
		189ECB921DD1EAF200DBBB2F /* HomePage */ = {
			isa = PBXGroup;
			children = (
				189ECB931DD1EAF200DBBB2F /* Controller */,
				189ECB941DD1EAF200DBBB2F /* Model */,
				189ECB951DD1EAF200DBBB2F /* View */,
			);
			path = HomePage;
			sourceTree = "<group>";
		};
		189ECB931DD1EAF200DBBB2F /* Controller */ = {
			isa = PBXGroup;
			children = (
				189ECB9B1DD1EB7400DBBB2F /* HomeController.h */,
				189ECB9C1DD1EB7400DBBB2F /* HomeController.m */,
				189ECB9D1DD1EB7400DBBB2F /* HomeController.xib */,
			);
			path = Controller;
			sourceTree = "<group>";
		};
		189ECB941DD1EAF200DBBB2F /* Model */ = {
			isa = PBXGroup;
			children = (
			);
			path = Model;
			sourceTree = "<group>";
		};
		189ECB951DD1EAF200DBBB2F /* View */ = {
			isa = PBXGroup;
			children = (
			);
			path = View;
			sourceTree = "<group>";
		};
/* End PBXGroup section */

/* Begin PBXNativeTarget section */
		1803F8891CF554A70065AE93 /* TabBar_Demo */ = {
			isa = PBXNativeTarget;
			buildConfigurationList = 1803F8B71CF554A70065AE93 /* Build configuration list for PBXNativeTarget "TabBar_Demo" */;
			buildPhases = (
				1803F8861CF554A70065AE93 /* Sources */,
				1803F8871CF554A70065AE93 /* Frameworks */,
				1803F8881CF554A70065AE93 /* Resources */,
			);
			buildRules = (
			);
			dependencies = (
			);
			name = TabBar_Demo;
			productName = TabBar_Demo;
			productReference = 1803F88A1CF554A70065AE93 /* TabBar_Demo.app */;
			productType = "com.apple.product-type.application";
		};
		1803F8A21CF554A70065AE93 /* TabBar_DemoTests */ = {
			isa = PBXNativeTarget;
			buildConfigurationList = 1803F8BA1CF554A70065AE93 /* Build configuration list for PBXNativeTarget "TabBar_DemoTests" */;
			buildPhases = (
				1803F89F1CF554A70065AE93 /* Sources */,
				1803F8A01CF554A70065AE93 /* Frameworks */,
				1803F8A11CF554A70065AE93 /* Resources */,
			);
			buildRules = (
			);
			dependencies = (
				1803F8A51CF554A70065AE93 /* PBXTargetDependency */,
			);
			name = TabBar_DemoTests;
			productName = TabBar_DemoTests;
			productReference = 1803F8A31CF554A70065AE93 /* TabBar_DemoTests.xctest */;
			productType = "com.apple.product-type.bundle.unit-test";
		};
		1803F8AD1CF554A70065AE93 /* TabBar_DemoUITests */ = {
			isa = PBXNativeTarget;
			buildConfigurationList = 1803F8BD1CF554A70065AE93 /* Build configuration list for PBXNativeTarget "TabBar_DemoUITests" */;
			buildPhases = (
				1803F8AA1CF554A70065AE93 /* Sources */,
				1803F8AB1CF554A70065AE93 /* Frameworks */,
				1803F8AC1CF554A70065AE93 /* Resources */,
			);
			buildRules = (
			);
			dependencies = (
				1803F8B01CF554A70065AE93 /* PBXTargetDependency */,
			);
			name = TabBar_DemoUITests;
			productName = TabBar_DemoUITests;
			productReference = 1803F8AE1CF554A70065AE93 /* TabBar_DemoUITests.xctest */;
			productType = "com.apple.product-type.bundle.ui-testing";
		};
/* End PBXNativeTarget section */

/* Begin PBXProject section */
		1803F8821CF554A70065AE93 /* Project object */ = {
			isa = PBXProject;
			attributes = {
				LastUpgradeCheck = 0830;
				ORGANIZATIONNAME = zhengju;
				TargetAttributes = {
					1803F8891CF554A70065AE93 = {
						CreatedOnToolsVersion = 7.1;
						ProvisioningStyle = Manual;
					};
					1803F8A21CF554A70065AE93 = {
						CreatedOnToolsVersion = 7.1;
						TestTargetID = 1803F8891CF554A70065AE93;
					};
					1803F8AD1CF554A70065AE93 = {
						CreatedOnToolsVersion = 7.1;
						TestTargetID = 1803F8891CF554A70065AE93;
					};
				};
			};
			buildConfigurationList = 1803F8851CF554A70065AE93 /* Build configuration list for PBXProject "TabBar_Demo" */;
			compatibilityVersion = "Xcode 3.2";
			developmentRegion = English;
			hasScannedForEncodings = 0;
			knownRegions = (
				en,
				Base,
			);
			mainGroup = 1803F8811CF554A70065AE93;
			productRefGroup = 1803F88B1CF554A70065AE93 /* Products */;
			projectDirPath = "";
			projectRoot = "";
			targets = (
				1803F8891CF554A70065AE93 /* TabBar_Demo */,
				1803F8A21CF554A70065AE93 /* TabBar_DemoTests */,
				1803F8AD1CF554A70065AE93 /* TabBar_DemoUITests */,
			);
		};
/* End PBXProject section */

/* Begin PBXResourcesBuildPhase section */
		1803F8881CF554A70065AE93 /* Resources */ = {
			isa = PBXResourcesBuildPhase;
			buildActionMask = 2147483647;
			files = (
				1803F89D1CF554A70065AE93 /* LaunchScreen.storyboard in Resources */,
				18E181161DD2BB4A00F73D3A /* LoginController.xib in Resources */,
				18E1811B1DD2BD5300F73D3A /* SetupController.xib in Resources */,
				1803F89A1CF554A70065AE93 /* Assets.xcassets in Resources */,
				1803F8981CF554A70065AE93 /* Main.storyboard in Resources */,
				189ECB9F1DD1EB7400DBBB2F /* HomeController.xib in Resources */,
				189ECBA91DD1EB9600DBBB2F /* MeController.xib in Resources */,
				189ECB9A1DD1EB5D00DBBB2F /* SuperController.xib in Resources */,
				189ECBA41DD1EB8800DBBB2F /* ServiceController.xib in Resources */,
			);
			runOnlyForDeploymentPostprocessing = 0;
		};
		1803F8A11CF554A70065AE93 /* Resources */ = {
			isa = PBXResourcesBuildPhase;
			buildActionMask = 2147483647;
			files = (
			);
			runOnlyForDeploymentPostprocessing = 0;
		};
		1803F8AC1CF554A70065AE93 /* Resources */ = {
			isa = PBXResourcesBuildPhase;
			buildActionMask = 2147483647;
			files = (
			);
			runOnlyForDeploymentPostprocessing = 0;
		};
/* End PBXResourcesBuildPhase section */

/* Begin PBXSourcesBuildPhase section */
		1803F8861CF554A70065AE93 /* Sources */ = {
			isa = PBXSourcesBuildPhase;
			buildActionMask = 2147483647;
			files = (
				1803F8CB1CF555970065AE93 /* ZJNavigationController.m in Sources */,
				1803F8C91CF555970065AE93 /* ZJTabBarButton.m in Sources */,
				1803F8921CF554A70065AE93 /* AppDelegate.m in Sources */,
				188C54291DDEAE130016705B /* MyTabBarController.m in Sources */,
				1803F8CA1CF555970065AE93 /* ZJTabBarController.m in Sources */,
				18E181151DD2BB4A00F73D3A /* LoginController.m in Sources */,
				189ECBA81DD1EB9600DBBB2F /* MeController.m in Sources */,
				1803F88F1CF554A70065AE93 /* main.m in Sources */,
				18E1811A1DD2BD5300F73D3A /* SetupController.m in Sources */,
				1803F8C81CF555970065AE93 /* ZJTabBar.m in Sources */,
				189ECBA31DD1EB8800DBBB2F /* ServiceController.m in Sources */,
				189ECB9E1DD1EB7400DBBB2F /* HomeController.m in Sources */,
				189ECB991DD1EB5D00DBBB2F /* SuperController.m in Sources */,
			);
			runOnlyForDeploymentPostprocessing = 0;
		};
		1803F89F1CF554A70065AE93 /* Sources */ = {
			isa = PBXSourcesBuildPhase;
			buildActionMask = 2147483647;
			files = (
				1803F8A81CF554A70065AE93 /* TabBar_DemoTests.m in Sources */,
			);
			runOnlyForDeploymentPostprocessing = 0;
		};
		1803F8AA1CF554A70065AE93 /* Sources */ = {
			isa = PBXSourcesBuildPhase;
			buildActionMask = 2147483647;
			files = (
				1803F8B31CF554A70065AE93 /* TabBar_DemoUITests.m in Sources */,
			);
			runOnlyForDeploymentPostprocessing = 0;
		};
/* End PBXSourcesBuildPhase section */

/* Begin PBXTargetDependency section */
		1803F8A51CF554A70065AE93 /* PBXTargetDependency */ = {
			isa = PBXTargetDependency;
			target = 1803F8891CF554A70065AE93 /* TabBar_Demo */;
			targetProxy = 1803F8A41CF554A70065AE93 /* PBXContainerItemProxy */;
		};
		1803F8B01CF554A70065AE93 /* PBXTargetDependency */ = {
			isa = PBXTargetDependency;
			target = 1803F8891CF554A70065AE93 /* TabBar_Demo */;
			targetProxy = 1803F8AF1CF554A70065AE93 /* PBXContainerItemProxy */;
		};
/* End PBXTargetDependency section */

/* Begin PBXVariantGroup section */
		1803F8961CF554A70065AE93 /* Main.storyboard */ = {
			isa = PBXVariantGroup;
			children = (
				1803F8971CF554A70065AE93 /* Base */,
			);
			name = Main.storyboard;
			sourceTree = "<group>";
		};
		1803F89B1CF554A70065AE93 /* LaunchScreen.storyboard */ = {
			isa = PBXVariantGroup;
			children = (
				1803F89C1CF554A70065AE93 /* Base */,
			);
			name = LaunchScreen.storyboard;
			sourceTree = "<group>";
		};
/* End PBXVariantGroup section */

/* Begin XCBuildConfiguration section */
		1803F8B51CF554A70065AE93 /* Debug */ = {
			isa = XCBuildConfiguration;
			buildSettings = {
				ALWAYS_SEARCH_USER_PATHS = NO;
				CLANG_CXX_LANGUAGE_STANDARD = "gnu++0x";
				CLANG_CXX_LIBRARY = "libc++";
				CLANG_ENABLE_MODULES = YES;
				CLANG_ENABLE_OBJC_ARC = YES;
				CLANG_WARN_BOOL_CONVERSION = YES;
				CLANG_WARN_CONSTANT_CONVERSION = YES;
				CLANG_WARN_DIRECT_OBJC_ISA_USAGE = YES_ERROR;
				CLANG_WARN_EMPTY_BODY = YES;
				CLANG_WARN_ENUM_CONVERSION = YES;
				CLANG_WARN_INFINITE_RECURSION = YES;
				CLANG_WARN_INT_CONVERSION = YES;
				CLANG_WARN_OBJC_ROOT_CLASS = YES_ERROR;
				CLANG_WARN_SUSPICIOUS_MOVE = YES;
				CLANG_WARN_UNREACHABLE_CODE = YES;
				CLANG_WARN__DUPLICATE_METHOD_MATCH = YES;
				"CODE_SIGN_IDENTITY[sdk=iphoneos*]" = "iPhone Developer";
				COPY_PHASE_STRIP = NO;
				DEBUG_INFORMATION_FORMAT = dwarf;
				ENABLE_STRICT_OBJC_MSGSEND = YES;
				ENABLE_TESTABILITY = YES;
				GCC_C_LANGUAGE_STANDARD = gnu99;
				GCC_DYNAMIC_NO_PIC = NO;
				GCC_NO_COMMON_BLOCKS = YES;
				GCC_OPTIMIZATION_LEVEL = 0;
				GCC_PREPROCESSOR_DEFINITIONS = (
					"DEBUG=1",
					"$(inherited)",
				);
				GCC_WARN_64_TO_32_BIT_CONVERSION = YES;
				GCC_WARN_ABOUT_RETURN_TYPE = YES_ERROR;
				GCC_WARN_UNDECLARED_SELECTOR = YES;
				GCC_WARN_UNINITIALIZED_AUTOS = YES_AGGRESSIVE;
				GCC_WARN_UNUSED_FUNCTION = YES;
				GCC_WARN_UNUSED_VARIABLE = YES;
				IPHONEOS_DEPLOYMENT_TARGET = 9.1;
				MTL_ENABLE_DEBUG_INFO = YES;
				ONLY_ACTIVE_ARCH = YES;
				SDKROOT = iphoneos;
			};
			name = Debug;
		};
		1803F8B61CF554A70065AE93 /* Release */ = {
			isa = XCBuildConfiguration;
			buildSettings = {
				ALWAYS_SEARCH_USER_PATHS = NO;
				CLANG_CXX_LANGUAGE_STANDARD = "gnu++0x";
				CLANG_CXX_LIBRARY = "libc++";
				CLANG_ENABLE_MODULES = YES;
				CLANG_ENABLE_OBJC_ARC = YES;
				CLANG_WARN_BOOL_CONVERSION = YES;
				CLANG_WARN_CONSTANT_CONVERSION = YES;
				CLANG_WARN_DIRECT_OBJC_ISA_USAGE = YES_ERROR;
				CLANG_WARN_EMPTY_BODY = YES;
				CLANG_WARN_ENUM_CONVERSION = YES;
				CLANG_WARN_INFINITE_RECURSION = YES;
				CLANG_WARN_INT_CONVERSION = YES;
				CLANG_WARN_OBJC_ROOT_CLASS = YES_ERROR;
				CLANG_WARN_SUSPICIOUS_MOVE = YES;
				CLANG_WARN_UNREACHABLE_CODE = YES;
				CLANG_WARN__DUPLICATE_METHOD_MATCH = YES;
				"CODE_SIGN_IDENTITY[sdk=iphoneos*]" = "iPhone Developer";
				COPY_PHASE_STRIP = NO;
				DEBUG_INFORMATION_FORMAT = "dwarf-with-dsym";
				ENABLE_NS_ASSERTIONS = NO;
				ENABLE_STRICT_OBJC_MSGSEND = YES;
				GCC_C_LANGUAGE_STANDARD = gnu99;
				GCC_NO_COMMON_BLOCKS = YES;
				GCC_WARN_64_TO_32_BIT_CONVERSION = YES;
				GCC_WARN_ABOUT_RETURN_TYPE = YES_ERROR;
				GCC_WARN_UNDECLARED_SELECTOR = YES;
				GCC_WARN_UNINITIALIZED_AUTOS = YES_AGGRESSIVE;
				GCC_WARN_UNUSED_FUNCTION = YES;
				GCC_WARN_UNUSED_VARIABLE = YES;
				IPHONEOS_DEPLOYMENT_TARGET = 9.1;
				MTL_ENABLE_DEBUG_INFO = NO;
				SDKROOT = iphoneos;
				VALIDATE_PRODUCT = YES;
			};
			name = Release;
		};
		1803F8B81CF554A70065AE93 /* Debug */ = {
			isa = XCBuildConfiguration;
			buildSettings = {
				ASSETCATALOG_COMPILER_APPICON_NAME = AppIcon;
				DEVELOPMENT_TEAM = "";
				INFOPLIST_FILE = TabBar_Demo/Info.plist;
				IPHONEOS_DEPLOYMENT_TARGET = 8.0;
				LD_RUNPATH_SEARCH_PATHS = "$(inherited) @executable_path/Frameworks";
				PRODUCT_BUNDLE_IDENTIFIER = "zhengju.TabBar-Demo";
				PRODUCT_NAME = "$(TARGET_NAME)";
			};
			name = Debug;
		};
		1803F8B91CF554A70065AE93 /* Release */ = {
			isa = XCBuildConfiguration;
			buildSettings = {
				ASSETCATALOG_COMPILER_APPICON_NAME = AppIcon;
				DEVELOPMENT_TEAM = "";
				INFOPLIST_FILE = TabBar_Demo/Info.plist;
				IPHONEOS_DEPLOYMENT_TARGET = 8.0;
				LD_RUNPATH_SEARCH_PATHS = "$(inherited) @executable_path/Frameworks";
				PRODUCT_BUNDLE_IDENTIFIER = "zhengju.TabBar-Demo";
				PRODUCT_NAME = "$(TARGET_NAME)";
			};
			name = Release;
		};
		1803F8BB1CF554A70065AE93 /* Debug */ = {
			isa = XCBuildConfiguration;
			buildSettings = {
				BUNDLE_LOADER = "$(TEST_HOST)";
				INFOPLIST_FILE = TabBar_DemoTests/Info.plist;
				LD_RUNPATH_SEARCH_PATHS = "$(inherited) @executable_path/Frameworks @loader_path/Frameworks";
				PRODUCT_BUNDLE_IDENTIFIER = "zhengju.TabBar-DemoTests";
				PRODUCT_NAME = "$(TARGET_NAME)";
				TEST_HOST = "$(BUILT_PRODUCTS_DIR)/TabBar_Demo.app/TabBar_Demo";
			};
			name = Debug;
		};
		1803F8BC1CF554A70065AE93 /* Release */ = {
			isa = XCBuildConfiguration;
			buildSettings = {
				BUNDLE_LOADER = "$(TEST_HOST)";
				INFOPLIST_FILE = TabBar_DemoTests/Info.plist;
				LD_RUNPATH_SEARCH_PATHS = "$(inherited) @executable_path/Frameworks @loader_path/Frameworks";
				PRODUCT_BUNDLE_IDENTIFIER = "zhengju.TabBar-DemoTests";
				PRODUCT_NAME = "$(TARGET_NAME)";
				TEST_HOST = "$(BUILT_PRODUCTS_DIR)/TabBar_Demo.app/TabBar_Demo";
			};
			name = Release;
		};
		1803F8BE1CF554A70065AE93 /* Debug */ = {
			isa = XCBuildConfiguration;
			buildSettings = {
				INFOPLIST_FILE = TabBar_DemoUITests/Info.plist;
				LD_RUNPATH_SEARCH_PATHS = "$(inherited) @executable_path/Frameworks @loader_path/Frameworks";
				PRODUCT_BUNDLE_IDENTIFIER = "zhengju.TabBar-DemoUITests";
				PRODUCT_NAME = "$(TARGET_NAME)";
				TEST_TARGET_NAME = TabBar_Demo;
				USES_XCTRUNNER = YES;
			};
			name = Debug;
		};
		1803F8BF1CF554A70065AE93 /* Release */ = {
			isa = XCBuildConfiguration;
			buildSettings = {
				INFOPLIST_FILE = TabBar_DemoUITests/Info.plist;
				LD_RUNPATH_SEARCH_PATHS = "$(inherited) @executable_path/Frameworks @loader_path/Frameworks";
				PRODUCT_BUNDLE_IDENTIFIER = "zhengju.TabBar-DemoUITests";
				PRODUCT_NAME = "$(TARGET_NAME)";
				TEST_TARGET_NAME = TabBar_Demo;
				USES_XCTRUNNER = YES;
			};
			name = Release;
		};
/* End XCBuildConfiguration section */

/* Begin XCConfigurationList section */
		1803F8851CF554A70065AE93 /* Build configuration list for PBXProject "TabBar_Demo" */ = {
			isa = XCConfigurationList;
			buildConfigurations = (
				1803F8B51CF554A70065AE93 /* Debug */,
				1803F8B61CF554A70065AE93 /* Release */,
			);
			defaultConfigurationIsVisible = 0;
			defaultConfigurationName = Release;
		};
		1803F8B71CF554A70065AE93 /* Build configuration list for PBXNativeTarget "TabBar_Demo" */ = {
			isa = XCConfigurationList;
			buildConfigurations = (
				1803F8B81CF554A70065AE93 /* Debug */,
				1803F8B91CF554A70065AE93 /* Release */,
			);
			defaultConfigurationIsVisible = 0;
			defaultConfigurationName = Release;
		};
		1803F8BA1CF554A70065AE93 /* Build configuration list for PBXNativeTarget "TabBar_DemoTests" */ = {
			isa = XCConfigurationList;
			buildConfigurations = (
				1803F8BB1CF554A70065AE93 /* Debug */,
				1803F8BC1CF554A70065AE93 /* Release */,
			);
			defaultConfigurationIsVisible = 0;
			defaultConfigurationName = Release;
		};
		1803F8BD1CF554A70065AE93 /* Build configuration list for PBXNativeTarget "TabBar_DemoUITests" */ = {
			isa = XCConfigurationList;
			buildConfigurations = (
				1803F8BE1CF554A70065AE93 /* Debug */,
				1803F8BF1CF554A70065AE93 /* Release */,
			);
			defaultConfigurationIsVisible = 0;
			defaultConfigurationName = Release;
		};
/* End XCConfigurationList section */
	};
	rootObject = 1803F8821CF554A70065AE93 /* Project object */;
}
